// !$*UTF8*$!
{
	archiveVersion = 1;
	classes = {
	};
	objectVersion = 46;
	objects = {

/* Begin PBXBuildFile section */
		7F5D5035167D22EC00F02267 /* NormiUtilities.c in Sources */ = {isa = PBXBuildFile; fileRef = 7F5D5034167D22EC00F02267 /* NormiUtilities.c */; };
		7F5D503A167D254A00F02267 /* NormiRecorder.m in Sources */ = {isa = PBXBuildFile; fileRef = 7F5D5039167D254A00F02267 /* NormiRecorder.m */; };
		7FA17B1E165BE14D00E24ACF /* TPCircularBuffer in Resources */ = {isa = PBXBuildFile; fileRef = 7FA17B1D165BE14D00E24ACF /* TPCircularBuffer */; };
		7FBBDD161656BC3C00004B8B /* UIKit.framework in Frameworks */ = {isa = PBXBuildFile; fileRef = 7FBBDD151656BC3C00004B8B /* UIKit.framework */; };
		7FBBDD181656BC3C00004B8B /* Foundation.framework in Frameworks */ = {isa = PBXBuildFile; fileRef = 7FBBDD171656BC3C00004B8B /* Foundation.framework */; };
		7FBBDD1A1656BC3C00004B8B /* CoreGraphics.framework in Frameworks */ = {isa = PBXBuildFile; fileRef = 7FBBDD191656BC3C00004B8B /* CoreGraphics.framework */; };
		7FBBDD201656BC3C00004B8B /* InfoPlist.strings in Resources */ = {isa = PBXBuildFile; fileRef = 7FBBDD1E1656BC3C00004B8B /* InfoPlist.strings */; };
		7FBBDD221656BC3C00004B8B /* main.m in Sources */ = {isa = PBXBuildFile; fileRef = 7FBBDD211656BC3C00004B8B /* main.m */; };
		7FBBDD261656BC3C00004B8B /* NormiAppDelegate.m in Sources */ = {isa = PBXBuildFile; fileRef = 7FBBDD251656BC3C00004B8B /* NormiAppDelegate.m */; };
		7FBBDD281656BC3C00004B8B /* Default.png in Resources */ = {isa = PBXBuildFile; fileRef = 7FBBDD271656BC3C00004B8B /* Default.png */; };
		7FBBDD2A1656BC3C00004B8B /* Default@2x.png in Resources */ = {isa = PBXBuildFile; fileRef = 7FBBDD291656BC3C00004B8B /* Default@2x.png */; };
		7FBBDD2C1656BC3C00004B8B /* Default-568h@2x.png in Resources */ = {isa = PBXBuildFile; fileRef = 7FBBDD2B1656BC3C00004B8B /* Default-568h@2x.png */; };
		7FBBDD2F1656BC3C00004B8B /* NormiViewController.m in Sources */ = {isa = PBXBuildFile; fileRef = 7FBBDD2E1656BC3C00004B8B /* NormiViewController.m */; };
		7FBBDD321656BC3C00004B8B /* NormiViewController.xib in Resources */ = {isa = PBXBuildFile; fileRef = 7FBBDD301656BC3C00004B8B /* NormiViewController.xib */; };
		7FBBDD3E1656DB7C00004B8B /* NormiSoundBank.m in Sources */ = {isa = PBXBuildFile; fileRef = 7FBBDD3D1656DB7C00004B8B /* NormiSoundBank.m */; };
		7FBBDD531656EF5000004B8B /* NormiPlayback.m in Sources */ = {isa = PBXBuildFile; fileRef = 7FBBDD521656EF5000004B8B /* NormiPlayback.m */; };
		7FBBDD551656FFD100004B8B /* AudioToolbox.framework in Frameworks */ = {isa = PBXBuildFile; fileRef = 7FBBDD541656FFD100004B8B /* AudioToolbox.framework */; };
		7FBBDD631658406700004B8B /* AVFoundation.framework in Frameworks */ = {isa = PBXBuildFile; fileRef = 7FBBDD621658406700004B8B /* AVFoundation.framework */; };
		7FBBDD7E16599B8400004B8B /* bts_bkgdloop_01.aif in Resources */ = {isa = PBXBuildFile; fileRef = 7FBBDD7016599B8400004B8B /* bts_bkgdloop_01.aif */; };
		7FBBDD7F16599B8400004B8B /* bts_bkgdloop_02.aif in Resources */ = {isa = PBXBuildFile; fileRef = 7FBBDD7116599B8400004B8B /* bts_bkgdloop_02.aif */; };
		7FBBDD8016599B8400004B8B /* bts_bkgdloop_03.aif in Resources */ = {isa = PBXBuildFile; fileRef = 7FBBDD7216599B8400004B8B /* bts_bkgdloop_03.aif */; };
		7FBBDD8116599B8400004B8B /* bts_bkgdloop_04.aif in Resources */ = {isa = PBXBuildFile; fileRef = 7FBBDD7316599B8400004B8B /* bts_bkgdloop_04.aif */; };
		7FBBDD8216599B8400004B8B /* bts_hit_01.aif in Resources */ = {isa = PBXBuildFile; fileRef = 7FBBDD7416599B8400004B8B /* bts_hit_01.aif */; };
		7FBBDD8316599B8400004B8B /* bts_hit_02.aif in Resources */ = {isa = PBXBuildFile; fileRef = 7FBBDD7516599B8400004B8B /* bts_hit_02.aif */; };
		7FBBDD8416599B8400004B8B /* bts_hit_03.aif in Resources */ = {isa = PBXBuildFile; fileRef = 7FBBDD7616599B8400004B8B /* bts_hit_03.aif */; };
		7FBBDD8516599B8400004B8B /* bts_hit_04.aif in Resources */ = {isa = PBXBuildFile; fileRef = 7FBBDD7716599B8400004B8B /* bts_hit_04.aif */; };
		7FBBDD8616599B8400004B8B /* bts_hit_05.aif in Resources */ = {isa = PBXBuildFile; fileRef = 7FBBDD7816599B8400004B8B /* bts_hit_05.aif */; };
		7FBBDD8716599B8400004B8B /* bts_hit_06.aif in Resources */ = {isa = PBXBuildFile; fileRef = 7FBBDD7916599B8400004B8B /* bts_hit_06.aif */; };
		7FBBDD8816599B8400004B8B /* bts_hit_07.aif in Resources */ = {isa = PBXBuildFile; fileRef = 7FBBDD7A16599B8400004B8B /* bts_hit_07.aif */; };
		7FBBDD8916599B8400004B8B /* bts_hit_08.aif in Resources */ = {isa = PBXBuildFile; fileRef = 7FBBDD7B16599B8400004B8B /* bts_hit_08.aif */; };
		7FBBDD8A16599B8400004B8B /* bts_hit_09.aif in Resources */ = {isa = PBXBuildFile; fileRef = 7FBBDD7C16599B8400004B8B /* bts_hit_09.aif */; };
		7FBBDD8B16599B8400004B8B /* bts_hit_10.aif in Resources */ = {isa = PBXBuildFile; fileRef = 7FBBDD7D16599B8400004B8B /* bts_hit_10.aif */; };
/* End PBXBuildFile section */

/* Begin PBXFileReference section */
		7F5D5034167D22EC00F02267 /* NormiUtilities.c */ = {isa = PBXFileReference; fileEncoding = 4; lastKnownFileType = sourcecode.c.c; path = NormiUtilities.c; sourceTree = "<group>"; };
		7F5D5038167D254A00F02267 /* NormiRecorder.h */ = {isa = PBXFileReference; fileEncoding = 4; lastKnownFileType = sourcecode.c.h; path = NormiRecorder.h; sourceTree = "<group>"; };
		7F5D5039167D254A00F02267 /* NormiRecorder.m */ = {isa = PBXFileReference; fileEncoding = 4; lastKnownFileType = sourcecode.c.objc; path = NormiRecorder.m; sourceTree = "<group>"; };
		7FA17B1D165BE14D00E24ACF /* TPCircularBuffer */ = {isa = PBXFileReference; lastKnownFileType = folder; path = TPCircularBuffer; sourceTree = "<group>"; };
		7FBBDD111656BC3C00004B8B /* Normi.app */ = {isa = PBXFileReference; explicitFileType = wrapper.application; includeInIndex = 0; path = Normi.app; sourceTree = BUILT_PRODUCTS_DIR; };
		7FBBDD151656BC3C00004B8B /* UIKit.framework */ = {isa = PBXFileReference; lastKnownFileType = wrapper.framework; name = UIKit.framework; path = System/Library/Frameworks/UIKit.framework; sourceTree = SDKROOT; };
		7FBBDD171656BC3C00004B8B /* Foundation.framework */ = {isa = PBXFileReference; lastKnownFileType = wrapper.framework; name = Foundation.framework; path = System/Library/Frameworks/Foundation.framework; sourceTree = SDKROOT; };
		7FBBDD191656BC3C00004B8B /* CoreGraphics.framework */ = {isa = PBXFileReference; lastKnownFileType = wrapper.framework; name = CoreGraphics.framework; path = System/Library/Frameworks/CoreGraphics.framework; sourceTree = SDKROOT; };
		7FBBDD1D1656BC3C00004B8B /* Normi-Info.plist */ = {isa = PBXFileReference; lastKnownFileType = text.plist.xml; path = "Normi-Info.plist"; sourceTree = "<group>"; };
		7FBBDD1F1656BC3C00004B8B /* en */ = {isa = PBXFileReference; lastKnownFileType = text.plist.strings; name = en; path = en.lproj/InfoPlist.strings; sourceTree = "<group>"; };
		7FBBDD211656BC3C00004B8B /* main.m */ = {isa = PBXFileReference; lastKnownFileType = sourcecode.c.objc; path = main.m; sourceTree = "<group>"; };
		7FBBDD231656BC3C00004B8B /* Normi-Prefix.pch */ = {isa = PBXFileReference; lastKnownFileType = sourcecode.c.h; path = "Normi-Prefix.pch"; sourceTree = "<group>"; };
		7FBBDD241656BC3C00004B8B /* NormiAppDelegate.h */ = {isa = PBXFileReference; lastKnownFileType = sourcecode.c.h; path = NormiAppDelegate.h; sourceTree = "<group>"; };
		7FBBDD251656BC3C00004B8B /* NormiAppDelegate.m */ = {isa = PBXFileReference; lastKnownFileType = sourcecode.c.objc; path = NormiAppDelegate.m; sourceTree = "<group>"; };
		7FBBDD271656BC3C00004B8B /* Default.png */ = {isa = PBXFileReference; lastKnownFileType = image.png; path = Default.png; sourceTree = "<group>"; };
		7FBBDD291656BC3C00004B8B /* Default@2x.png */ = {isa = PBXFileReference; lastKnownFileType = image.png; path = "Default@2x.png"; sourceTree = "<group>"; };
		7FBBDD2B1656BC3C00004B8B /* Default-568h@2x.png */ = {isa = PBXFileReference; lastKnownFileType = image.png; path = "Default-568h@2x.png"; sourceTree = "<group>"; };
		7FBBDD2D1656BC3C00004B8B /* NormiViewController.h */ = {isa = PBXFileReference; lastKnownFileType = sourcecode.c.h; path = NormiViewController.h; sourceTree = "<group>"; };
		7FBBDD2E1656BC3C00004B8B /* NormiViewController.m */ = {isa = PBXFileReference; lastKnownFileType = sourcecode.c.objc; path = NormiViewController.m; sourceTree = "<group>"; };
		7FBBDD311656BC3C00004B8B /* en */ = {isa = PBXFileReference; lastKnownFileType = file.xib; name = en; path = en.lproj/NormiViewController.xib; sourceTree = "<group>"; };
		7FBBDD3C1656DB7C00004B8B /* NormiSoundBank.h */ = {isa = PBXFileReference; fileEncoding = 4; lastKnownFileType = sourcecode.c.h; path = NormiSoundBank.h; sourceTree = "<group>"; };
		7FBBDD3D1656DB7C00004B8B /* NormiSoundBank.m */ = {isa = PBXFileReference; fileEncoding = 4; lastKnownFileType = sourcecode.c.objc; path = NormiSoundBank.m; sourceTree = "<group>"; };
		7FBBDD511656EF5000004B8B /* NormiPlayback.h */ = {isa = PBXFileReference; fileEncoding = 4; lastKnownFileType = sourcecode.c.h; path = NormiPlayback.h; sourceTree = "<group>"; };
		7FBBDD521656EF5000004B8B /* NormiPlayback.m */ = {isa = PBXFileReference; fileEncoding = 4; lastKnownFileType = sourcecode.c.objc; path = NormiPlayback.m; sourceTree = "<group>"; };
		7FBBDD541656FFD100004B8B /* AudioToolbox.framework */ = {isa = PBXFileReference; lastKnownFileType = wrapper.framework; name = AudioToolbox.framework; path = System/Library/Frameworks/AudioToolbox.framework; sourceTree = SDKROOT; };
		7FBBDD5C16583C6400004B8B /* MixerHostAudio.h */ = {isa = PBXFileReference; fileEncoding = 4; lastKnownFileType = sourcecode.c.h; name = MixerHostAudio.h; path = Normi/MixerHostAudio.h; sourceTree = "<group>"; };
		7FBBDD5D16583C6400004B8B /* MixerHostAudio.m */ = {isa = PBXFileReference; fileEncoding = 4; lastKnownFileType = sourcecode.c.objc; name = MixerHostAudio.m; path = Normi/MixerHostAudio.m; sourceTree = "<group>"; };
		7FBBDD621658406700004B8B /* AVFoundation.framework */ = {isa = PBXFileReference; lastKnownFileType = wrapper.framework; name = AVFoundation.framework; path = System/Library/Frameworks/AVFoundation.framework; sourceTree = SDKROOT; };
		7FBBDD7016599B8400004B8B /* bts_bkgdloop_01.aif */ = {isa = PBXFileReference; lastKnownFileType = file; name = bts_bkgdloop_01.aif; path = "../../../Dropbox/Normi iPhone App/Sound Sets/Soundscapes/By the Sea/bts_bkgdloop_01.aif"; sourceTree = "<group>"; };
		7FBBDD7116599B8400004B8B /* bts_bkgdloop_02.aif */ = {isa = PBXFileReference; lastKnownFileType = file; name = bts_bkgdloop_02.aif; path = "../../../Dropbox/Normi iPhone App/Sound Sets/Soundscapes/By the Sea/bts_bkgdloop_02.aif"; sourceTree = "<group>"; };
		7FBBDD7216599B8400004B8B /* bts_bkgdloop_03.aif */ = {isa = PBXFileReference; lastKnownFileType = file; name = bts_bkgdloop_03.aif; path = "../../../Dropbox/Normi iPhone App/Sound Sets/Soundscapes/By the Sea/bts_bkgdloop_03.aif"; sourceTree = "<group>"; };
		7FBBDD7316599B8400004B8B /* bts_bkgdloop_04.aif */ = {isa = PBXFileReference; lastKnownFileType = file; name = bts_bkgdloop_04.aif; path = "../../../Dropbox/Normi iPhone App/Sound Sets/Soundscapes/By the Sea/bts_bkgdloop_04.aif"; sourceTree = "<group>"; };
		7FBBDD7416599B8400004B8B /* bts_hit_01.aif */ = {isa = PBXFileReference; lastKnownFileType = file; name = bts_hit_01.aif; path = "../../../Dropbox/Normi iPhone App/Sound Sets/Soundscapes/By the Sea/bts_hit_01.aif"; sourceTree = "<group>"; };
		7FBBDD7516599B8400004B8B /* bts_hit_02.aif */ = {isa = PBXFileReference; lastKnownFileType = file; name = bts_hit_02.aif; path = "../../../Dropbox/Normi iPhone App/Sound Sets/Soundscapes/By the Sea/bts_hit_02.aif"; sourceTree = "<group>"; };
		7FBBDD7616599B8400004B8B /* bts_hit_03.aif */ = {isa = PBXFileReference; lastKnownFileType = file; name = bts_hit_03.aif; path = "../../../Dropbox/Normi iPhone App/Sound Sets/Soundscapes/By the Sea/bts_hit_03.aif"; sourceTree = "<group>"; };
		7FBBDD7716599B8400004B8B /* bts_hit_04.aif */ = {isa = PBXFileReference; lastKnownFileType = file; name = bts_hit_04.aif; path = "../../../Dropbox/Normi iPhone App/Sound Sets/Soundscapes/By the Sea/bts_hit_04.aif"; sourceTree = "<group>"; };
		7FBBDD7816599B8400004B8B /* bts_hit_05.aif */ = {isa = PBXFileReference; lastKnownFileType = file; name = bts_hit_05.aif; path = "../../../Dropbox/Normi iPhone App/Sound Sets/Soundscapes/By the Sea/bts_hit_05.aif"; sourceTree = "<group>"; };
		7FBBDD7916599B8400004B8B /* bts_hit_06.aif */ = {isa = PBXFileReference; lastKnownFileType = file; name = bts_hit_06.aif; path = "../../../Dropbox/Normi iPhone App/Sound Sets/Soundscapes/By the Sea/bts_hit_06.aif"; sourceTree = "<group>"; };
		7FBBDD7A16599B8400004B8B /* bts_hit_07.aif */ = {isa = PBXFileReference; lastKnownFileType = file; name = bts_hit_07.aif; path = "../../../Dropbox/Normi iPhone App/Sound Sets/Soundscapes/By the Sea/bts_hit_07.aif"; sourceTree = "<group>"; };
		7FBBDD7B16599B8400004B8B /* bts_hit_08.aif */ = {isa = PBXFileReference; lastKnownFileType = file; name = bts_hit_08.aif; path = "../../../Dropbox/Normi iPhone App/Sound Sets/Soundscapes/By the Sea/bts_hit_08.aif"; sourceTree = "<group>"; };
		7FBBDD7C16599B8400004B8B /* bts_hit_09.aif */ = {isa = PBXFileReference; lastKnownFileType = file; name = bts_hit_09.aif; path = "../../../Dropbox/Normi iPhone App/Sound Sets/Soundscapes/By the Sea/bts_hit_09.aif"; sourceTree = "<group>"; };
		7FBBDD7D16599B8400004B8B /* bts_hit_10.aif */ = {isa = PBXFileReference; lastKnownFileType = file; name = bts_hit_10.aif; path = "../../../Dropbox/Normi iPhone App/Sound Sets/Soundscapes/By the Sea/bts_hit_10.aif"; sourceTree = "<group>"; };
/* End PBXFileReference section */

/* Begin PBXFrameworksBuildPhase section */
		7FBBDD0E1656BC3C00004B8B /* Frameworks */ = {
			isa = PBXFrameworksBuildPhase;
			buildActionMask = 2147483647;
			files = (
				7FBBDD631658406700004B8B /* AVFoundation.framework in Frameworks */,
				7FBBDD551656FFD100004B8B /* AudioToolbox.framework in Frameworks */,
				7FBBDD161656BC3C00004B8B /* UIKit.framework in Frameworks */,
				7FBBDD181656BC3C00004B8B /* Foundation.framework in Frameworks */,
				7FBBDD1A1656BC3C00004B8B /* CoreGraphics.framework in Frameworks */,
			);
			runOnlyForDeploymentPostprocessing = 0;
		};
/* End PBXFrameworksBuildPhase section */

/* Begin PBXGroup section */
		7FBBDD061656BC3C00004B8B = {
			isa = PBXGroup;
			children = (
				7FA17B1D165BE14D00E24ACF /* TPCircularBuffer */,
				7FBBDD6116583FAF00004B8B /* Reference */,
				7FBBDD4A1656E57800004B8B /* SoundBanks */,
				7FBBDD1B1656BC3C00004B8B /* Normi */,
				7FBBDD141656BC3C00004B8B /* Frameworks */,
				7FBBDD121656BC3C00004B8B /* Products */,
			);
			sourceTree = "<group>";
		};
		7FBBDD121656BC3C00004B8B /* Products */ = {
			isa = PBXGroup;
			children = (
				7FBBDD111656BC3C00004B8B /* Normi.app */,
			);
			name = Products;
			sourceTree = "<group>";
		};
		7FBBDD141656BC3C00004B8B /* Frameworks */ = {
			isa = PBXGroup;
			children = (
				7FBBDD541656FFD100004B8B /* AudioToolbox.framework */,
				7FBBDD621658406700004B8B /* AVFoundation.framework */,
				7FBBDD151656BC3C00004B8B /* UIKit.framework */,
				7FBBDD171656BC3C00004B8B /* Foundation.framework */,
				7FBBDD191656BC3C00004B8B /* CoreGraphics.framework */,
			);
			name = Frameworks;
			sourceTree = "<group>";
		};
		7FBBDD1B1656BC3C00004B8B /* Normi */ = {
			isa = PBXGroup;
			children = (
				7FBBDD241656BC3C00004B8B /* NormiAppDelegate.h */,
				7FBBDD251656BC3C00004B8B /* NormiAppDelegate.m */,
				7FBBDD2D1656BC3C00004B8B /* NormiViewController.h */,
				7FBBDD2E1656BC3C00004B8B /* NormiViewController.m */,
				7FBBDD3C1656DB7C00004B8B /* NormiSoundBank.h */,
				7FBBDD3D1656DB7C00004B8B /* NormiSoundBank.m */,
				7FBBDD511656EF5000004B8B /* NormiPlayback.h */,
				7FBBDD521656EF5000004B8B /* NormiPlayback.m */,
				7FBBDD301656BC3C00004B8B /* NormiViewController.xib */,
				7FBBDD1C1656BC3C00004B8B /* Supporting Files */,
				7F5D5034167D22EC00F02267 /* NormiUtilities.c */,
				7F5D5038167D254A00F02267 /* NormiRecorder.h */,
				7F5D5039167D254A00F02267 /* NormiRecorder.m */,
			);
			path = Normi;
			sourceTree = "<group>";
		};
		7FBBDD1C1656BC3C00004B8B /* Supporting Files */ = {
			isa = PBXGroup;
			children = (
				7FBBDD1D1656BC3C00004B8B /* Normi-Info.plist */,
				7FBBDD1E1656BC3C00004B8B /* InfoPlist.strings */,
				7FBBDD211656BC3C00004B8B /* main.m */,
				7FBBDD231656BC3C00004B8B /* Normi-Prefix.pch */,
				7FBBDD271656BC3C00004B8B /* Default.png */,
				7FBBDD291656BC3C00004B8B /* Default@2x.png */,
				7FBBDD2B1656BC3C00004B8B /* Default-568h@2x.png */,
			);
			name = "Supporting Files";
			sourceTree = "<group>";
		};
		7FBBDD4A1656E57800004B8B /* SoundBanks */ = {
			isa = PBXGroup;
			children = (
				7FBBDD7016599B8400004B8B /* bts_bkgdloop_01.aif */,
				7FBBDD7116599B8400004B8B /* bts_bkgdloop_02.aif */,
				7FBBDD7216599B8400004B8B /* bts_bkgdloop_03.aif */,
				7FBBDD7316599B8400004B8B /* bts_bkgdloop_04.aif */,
				7FBBDD7416599B8400004B8B /* bts_hit_01.aif */,
				7FBBDD7516599B8400004B8B /* bts_hit_02.aif */,
				7FBBDD7616599B8400004B8B /* bts_hit_03.aif */,
				7FBBDD7716599B8400004B8B /* bts_hit_04.aif */,
				7FBBDD7816599B8400004B8B /* bts_hit_05.aif */,
				7FBBDD7916599B8400004B8B /* bts_hit_06.aif */,
				7FBBDD7A16599B8400004B8B /* bts_hit_07.aif */,
				7FBBDD7B16599B8400004B8B /* bts_hit_08.aif */,
				7FBBDD7C16599B8400004B8B /* bts_hit_09.aif */,
				7FBBDD7D16599B8400004B8B /* bts_hit_10.aif */,
			);
			name = SoundBanks;
			sourceTree = "<group>";
		};
		7FBBDD6116583FAF00004B8B /* Reference */ = {
			isa = PBXGroup;
			children = (
				7FBBDD5C16583C6400004B8B /* MixerHostAudio.h */,
				7FBBDD5D16583C6400004B8B /* MixerHostAudio.m */,
			);
			name = Reference;
			sourceTree = "<group>";
		};
/* End PBXGroup section */

/* Begin PBXNativeTarget section */
		7FBBDD101656BC3C00004B8B /* Normi */ = {
			isa = PBXNativeTarget;
			buildConfigurationList = 7FBBDD351656BC3C00004B8B /* Build configuration list for PBXNativeTarget "Normi" */;
			buildPhases = (
				7FBBDD0D1656BC3C00004B8B /* Sources */,
				7FBBDD0E1656BC3C00004B8B /* Frameworks */,
				7FBBDD0F1656BC3C00004B8B /* Resources */,
			);
			buildRules = (
			);
			dependencies = (
			);
			name = Normi;
			productName = Normi;
			productReference = 7FBBDD111656BC3C00004B8B /* Normi.app */;
			productType = "com.apple.product-type.application";
		};
/* End PBXNativeTarget section */

/* Begin PBXProject section */
		7FBBDD081656BC3C00004B8B /* Project object */ = {
			isa = PBXProject;
			attributes = {
				CLASSPREFIX = Normi;
				LastUpgradeCheck = 0450;
				ORGANIZATIONNAME = "GJVIS Ltd";
			};
			buildConfigurationList = 7FBBDD0B1656BC3C00004B8B /* Build configuration list for PBXProject "Normi" */;
			compatibilityVersion = "Xcode 3.2";
			developmentRegion = English;
			hasScannedForEncodings = 0;
			knownRegions = (
				en,
			);
			mainGroup = 7FBBDD061656BC3C00004B8B;
			productRefGroup = 7FBBDD121656BC3C00004B8B /* Products */;
			projectDirPath = "";
			projectRoot = "";
			targets = (
				7FBBDD101656BC3C00004B8B /* Normi */,
			);
		};
/* End PBXProject section */

/* Begin PBXResourcesBuildPhase section */
		7FBBDD0F1656BC3C00004B8B /* Resources */ = {
			isa = PBXResourcesBuildPhase;
			buildActionMask = 2147483647;
			files = (
				7FBBDD201656BC3C00004B8B /* InfoPlist.strings in Resources */,
				7FBBDD281656BC3C00004B8B /* Default.png in Resources */,
				7FBBDD2A1656BC3C00004B8B /* Default@2x.png in Resources */,
				7FBBDD2C1656BC3C00004B8B /* Default-568h@2x.png in Resources */,
				7FBBDD321656BC3C00004B8B /* NormiViewController.xib in Resources */,
				7FBBDD7E16599B8400004B8B /* bts_bkgdloop_01.aif in Resources */,
				7FBBDD7F16599B8400004B8B /* bts_bkgdloop_02.aif in Resources */,
				7FBBDD8016599B8400004B8B /* bts_bkgdloop_03.aif in Resources */,
				7FBBDD8116599B8400004B8B /* bts_bkgdloop_04.aif in Resources */,
				7FBBDD8216599B8400004B8B /* bts_hit_01.aif in Resources */,
				7FBBDD8316599B8400004B8B /* bts_hit_02.aif in Resources */,
				7FBBDD8416599B8400004B8B /* bts_hit_03.aif in Resources */,
				7FBBDD8516599B8400004B8B /* bts_hit_04.aif in Resources */,
				7FBBDD8616599B8400004B8B /* bts_hit_05.aif in Resources */,
				7FBBDD8716599B8400004B8B /* bts_hit_06.aif in Resources */,
				7FBBDD8816599B8400004B8B /* bts_hit_07.aif in Resources */,
				7FBBDD8916599B8400004B8B /* bts_hit_08.aif in Resources */,
				7FBBDD8A16599B8400004B8B /* bts_hit_09.aif in Resources */,
				7FBBDD8B16599B8400004B8B /* bts_hit_10.aif in Resources */,
				7FA17B1E165BE14D00E24ACF /* TPCircularBuffer in Resources */,
			);
			runOnlyForDeploymentPostprocessing = 0;
		};
/* End PBXResourcesBuildPhase section */

/* Begin PBXSourcesBuildPhase section */
		7FBBDD0D1656BC3C00004B8B /* Sources */ = {
			isa = PBXSourcesBuildPhase;
			buildActionMask = 2147483647;
			files = (
				7FBBDD221656BC3C00004B8B /* main.m in Sources */,
				7FBBDD261656BC3C00004B8B /* NormiAppDelegate.m in Sources */,
				7FBBDD2F1656BC3C00004B8B /* NormiViewController.m in Sources */,
				7FBBDD3E1656DB7C00004B8B /* NormiSoundBank.m in Sources */,
				7FBBDD531656EF5000004B8B /* NormiPlayback.m in Sources */,
				7F5D5035167D22EC00F02267 /* NormiUtilities.c in Sources */,
				7F5D503A167D254A00F02267 /* NormiRecorder.m in Sources */,
			);
			runOnlyForDeploymentPostprocessing = 0;
		};
/* End PBXSourcesBuildPhase section */

/* Begin PBXVariantGroup section */
		7FBBDD1E1656BC3C00004B8B /* InfoPlist.strings */ = {
			isa = PBXVariantGroup;
			children = (
				7FBBDD1F1656BC3C00004B8B /* en */,
			);
			name = InfoPlist.strings;
			sourceTree = "<group>";
		};
		7FBBDD301656BC3C00004B8B /* NormiViewController.xib */ = {
			isa = PBXVariantGroup;
			children = (
				7FBBDD311656BC3C00004B8B /* en */,
			);
			name = NormiViewController.xib;
			sourceTree = "<group>";
		};
/* End PBXVariantGroup section */

/* Begin XCBuildConfiguration section */
		7FBBDD331656BC3C00004B8B /* Debug */ = {
			isa = XCBuildConfiguration;
			buildSettings = {
				ALWAYS_SEARCH_USER_PATHS = NO;
				CLANG_CXX_LANGUAGE_STANDARD = "gnu++0x";
				CLANG_CXX_LIBRARY = "libc++";
				CLANG_ENABLE_OBJC_ARC = YES;
				CLANG_WARN_EMPTY_BODY = YES;
				CLANG_WARN__DUPLICATE_METHOD_MATCH = YES;
				"CODE_SIGN_IDENTITY[sdk=iphoneos*]" = "iPhone Developer";
				COPY_PHASE_STRIP = NO;
				GCC_C_LANGUAGE_STANDARD = gnu99;
				GCC_DYNAMIC_NO_PIC = NO;
				GCC_OPTIMIZATION_LEVEL = 0;
				GCC_PREPROCESSOR_DEFINITIONS = (
					"DEBUG=1",
					"$(inherited)",
				);
				GCC_SYMBOLS_PRIVATE_EXTERN = NO;
				GCC_WARN_ABOUT_RETURN_TYPE = YES;
				GCC_WARN_UNINITIALIZED_AUTOS = YES;
				GCC_WARN_UNUSED_VARIABLE = YES;
				IPHONEOS_DEPLOYMENT_TARGET = 6.0;
				ONLY_ACTIVE_ARCH = YES;
				SDKROOT = iphoneos;
			};
			name = Debug;
		};
		7FBBDD341656BC3C00004B8B /* Release */ = {
			isa = XCBuildConfiguration;
			buildSettings = {
				ALWAYS_SEARCH_USER_PATHS = NO;
				CLANG_CXX_LANGUAGE_STANDARD = "gnu++0x";
				CLANG_CXX_LIBRARY = "libc++";
				CLANG_ENABLE_OBJC_ARC = YES;
				CLANG_WARN_EMPTY_BODY = YES;
				CLANG_WARN__DUPLICATE_METHOD_MATCH = YES;
				"CODE_SIGN_IDENTITY[sdk=iphoneos*]" = "iPhone Developer";
				COPY_PHASE_STRIP = YES;
				GCC_C_LANGUAGE_STANDARD = gnu99;
				GCC_WARN_ABOUT_RETURN_TYPE = YES;
				GCC_WARN_UNINITIALIZED_AUTOS = YES;
				GCC_WARN_UNUSED_VARIABLE = YES;
				IPHONEOS_DEPLOYMENT_TARGET = 6.0;
				OTHER_CFLAGS = "-DNS_BLOCK_ASSERTIONS=1";
				SDKROOT = iphoneos;
				VALIDATE_PRODUCT = YES;
			};
			name = Release;
		};
		7FBBDD361656BC3C00004B8B /* Debug */ = {
			isa = XCBuildConfiguration;
			buildSettings = {
				GCC_PRECOMPILE_PREFIX_HEADER = YES;
				GCC_PREFIX_HEADER = "Normi/Normi-Prefix.pch";
				INFOPLIST_FILE = "Normi/Normi-Info.plist";
				PRODUCT_NAME = "$(TARGET_NAME)";
				WRAPPER_EXTENSION = app;
			};
			name = Debug;
		};
		7FBBDD371656BC3C00004B8B /* Release */ = {
			isa = XCBuildConfiguration;
			buildSettings = {
				GCC_PRECOMPILE_PREFIX_HEADER = YES;
				GCC_PREFIX_HEADER = "Normi/Normi-Prefix.pch";
				INFOPLIST_FILE = "Normi/Normi-Info.plist";
				PRODUCT_NAME = "$(TARGET_NAME)";
				WRAPPER_EXTENSION = app;
			};
			name = Release;
		};
/* End XCBuildConfiguration section */

/* Begin XCConfigurationList section */
		7FBBDD0B1656BC3C00004B8B /* Build configuration list for PBXProject "Normi" */ = {
			isa = XCConfigurationList;
			buildConfigurations = (
				7FBBDD331656BC3C00004B8B /* Debug */,
				7FBBDD341656BC3C00004B8B /* Release */,
			);
			defaultConfigurationIsVisible = 0;
			defaultConfigurationName = Release;
		};
		7FBBDD351656BC3C00004B8B /* Build configuration list for PBXNativeTarget "Normi" */ = {
			isa = XCConfigurationList;
			buildConfigurations = (
				7FBBDD361656BC3C00004B8B /* Debug */,
				7FBBDD371656BC3C00004B8B /* Release */,
			);
			defaultConfigurationIsVisible = 0;
			defaultConfigurationName = Release;
		};
/* End XCConfigurationList section */
	};
	rootObject = 7FBBDD081656BC3C00004B8B /* Project object */;
}
